
Microsoft Visual Studio Solution File, Format Version 12.00
# Visual Studio Version 16
VisualStudioVersion = 16.0.31729.503
MinimumVisualStudioVersion = 10.0.40219.1
Project("{8BC9CEB8-8B4A-11D0-8D11-00A0C91BC942}") = "LR4T1", "LR4T1\LR4T1.vcxproj", "{E07DF9E2-14ED-4C55-A6F5-A8D4A6184B80}"
EndProject
Project("{8BC9CEB8-8B4A-11D0-8D11-00A0C91BC942}") = "LR4T2", "LR4T2\LR4T2.vcxproj", "{F2481B2F-DA7D-4D52-B3EE-90F915CA0D7B}"
EndProject
Project("{8BC9CEB8-8B4A-11D0-8D11-00A0C91BC942}") = "LR4T6", "LR4T6\LR4T6.vcxproj", "{92ABC4BB-C34B-4C8B-836F-2BE75ACFA197}"
EndProject
Project("{8BC9CEB8-8B4A-11D0-8D11-00A0C91BC942}") = "LR4T3", "LR4T3\LR4T3.vcxproj", "{5DEC4B46-F3F3-4AA6-A773-66977FAC1F60}"
EndProject
Project("{8BC9CEB8-8B4A-11D0-8D11-00A0C91BC942}") = "LR4T4", "LR4T4\LR4T4.vcxproj", "{5E257704-94F9-42A0-B442-C32A28F74594}"
EndProject
Project("{8BC9CEB8-8B4A-11D0-8D11-00A0C91BC942}") = "LR4T5", "LR4T5\LR4T5.vcxproj", "{8EAFBCE6-12A8-4350-B7B4-1B18C405AA8E}"
EndProject
Project("{8BC9CEB8-8B4A-11D0-8D11-00A0C91BC942}") = "LR4T7", "LR4T7\LR4T7.vcxproj", "{92C3D355-606B-4A2F-8460-1EB6C153269E}"
EndProject
Project("{8BC9CEB8-8B4A-11D0-8D11-00A0C91BC942}") = "LR4T9", "LR4T9\LR4T9.vcxproj", "{76BB8711-80B8-4A87-AB39-1ADB76FA533F}"
EndProject
Project("{8BC9CEB8-8B4A-11D0-8D11-00A0C91BC942}") = "LR4T8", "LR4T8\LR4T8.vcxproj", "{5620CC4B-BFFA-49A3-9B5B-ADADCE069C45}"
EndProject
Project("{8BC9CEB8-8B4A-11D0-8D11-00A0C91BC942}") = "LR4T13", "LR4T13\LR4T13.vcxproj", "{6394DD0A-AEF6-445D-8704-05F1FDC1F6FB}"
EndProject
Project("{8BC9CEB8-8B4A-11D0-8D11-00A0C91BC942}") = "LR4T15", "LR4T15\LR4T15.vcxproj", "{26AE3E13-5844-490E-83D8-4ED044D13172}"
EndProject
Global
	GlobalSection(SolutionConfigurationPlatforms) = preSolution
		Debug|x64 = Debug|x64
		Debug|x86 = Debug|x86
		Release|x64 = Release|x64
		Release|x86 = Release|x86
	EndGlobalSection
	GlobalSection(ProjectConfigurationPlatforms) = postSolution
		{E07DF9E2-14ED-4C55-A6F5-A8D4A6184B80}.Debug|x64.ActiveCfg = Debug|x64
		{E07DF9E2-14ED-4C55-A6F5-A8D4A6184B80}.Debug|x64.Build.0 = Debug|x64
		{E07DF9E2-14ED-4C55-A6F5-A8D4A6184B80}.Debug|x86.ActiveCfg = Debug|Win32
		{E07DF9E2-14ED-4C55-A6F5-A8D4A6184B80}.Debug|x86.Build.0 = Debug|Win32
		{E07DF9E2-14ED-4C55-A6F5-A8D4A6184B80}.Release|x64.ActiveCfg = Release|x64
		{E07DF9E2-14ED-4C55-A6F5-A8D4A6184B80}.Release|x64.Build.0 = Release|x64
		{E07DF9E2-14ED-4C55-A6F5-A8D4A6184B80}.Release|x86.ActiveCfg = Release|Win32
		{E07DF9E2-14ED-4C55-A6F5-A8D4A6184B80}.Release|x86.Build.0 = Release|Win32
		{F2481B2F-DA7D-4D52-B3EE-90F915CA0D7B}.Debug|x64.ActiveCfg = Debug|x64
		{F2481B2F-DA7D-4D52-B3EE-90F915CA0D7B}.Debug|x64.Build.0 = Debug|x64
		{F2481B2F-DA7D-4D52-B3EE-90F915CA0D7B}.Debug|x86.ActiveCfg = Debug|Win32
		{F2481B2F-DA7D-4D52-B3EE-90F915CA0D7B}.Debug|x86.Build.0 = Debug|Win32
		{F2481B2F-DA7D-4D52-B3EE-90F915CA0D7B}.Release|x64.ActiveCfg = Release|x64
		{F2481B2F-DA7D-4D52-B3EE-90F915CA0D7B}.Release|x64.Build.0 = Release|x64
		{F2481B2F-DA7D-4D52-B3EE-90F915CA0D7B}.Release|x86.ActiveCfg = Release|Win32
		{F2481B2F-DA7D-4D52-B3EE-90F915CA0D7B}.Release|x86.Build.0 = Release|Win32
		{92ABC4BB-C34B-4C8B-836F-2BE75ACFA197}.Debug|x64.ActiveCfg = Debug|x64
		{92ABC4BB-C34B-4C8B-836F-2BE75ACFA197}.Debug|x64.Build.0 = Debug|x64
		{92ABC4BB-C34B-4C8B-836F-2BE75ACFA197}.Debug|x86.ActiveCfg = Debug|Win32
		{92ABC4BB-C34B-4C8B-836F-2BE75ACFA197}.Debug|x86.Build.0 = Debug|Win32
		{92ABC4BB-C34B-4C8B-836F-2BE75ACFA197}.Release|x64.ActiveCfg = Release|x64
		{92ABC4BB-C34B-4C8B-836F-2BE75ACFA197}.Release|x64.Build.0 = Release|x64
		{92ABC4BB-C34B-4C8B-836F-2BE75ACFA197}.Release|x86.ActiveCfg = Release|Win32
		{92ABC4BB-C34B-4C8B-836F-2BE75ACFA197}.Release|x86.Build.0 = Release|Win32
		{5DEC4B46-F3F3-4AA6-A773-66977FAC1F60}.Debug|x64.ActiveCfg = Debug|x64
		{5DEC4B46-F3F3-4AA6-A773-66977FAC1F60}.Debug|x64.Build.0 = Debug|x64
		{5DEC4B46-F3F3-4AA6-A773-66977FAC1F60}.Debug|x86.ActiveCfg = Debug|Win32
		{5DEC4B46-F3F3-4AA6-A773-66977FAC1F60}.Debug|x86.Build.0 = Debug|Win32
		{5DEC4B46-F3F3-4AA6-A773-66977FAC1F60}.Release|x64.ActiveCfg = Release|x64
		{5DEC4B46-F3F3-4AA6-A773-66977FAC1F60}.Release|x64.Build.0 = Release|x64
		{5DEC4B46-F3F3-4AA6-A773-66977FAC1F60}.Release|x86.ActiveCfg = Release|Win32
		{5DEC4B46-F3F3-4AA6-A773-66977FAC1F60}.Release|x86.Build.0 = Release|Win32
		{5E257704-94F9-42A0-B442-C32A28F74594}.Debug|x64.ActiveCfg = Debug|x64
		{5E257704-94F9-42A0-B442-C32A28F74594}.Debug|x64.Build.0 = Debug|x64
		{5E257704-94F9-42A0-B442-C32A28F74594}.Debug|x86.ActiveCfg = Debug|Win32
		{5E257704-94F9-42A0-B442-C32A28F74594}.Debug|x86.Build.0 = Debug|Win32
		{5E257704-94F9-42A0-B442-C32A28F74594}.Release|x64.ActiveCfg = Release|x64
		{5E257704-94F9-42A0-B442-C32A28F74594}.Release|x64.Build.0 = Release|x64
		{5E257704-94F9-42A0-B442-C32A28F74594}.Release|x86.ActiveCfg = Release|Win32
		{5E257704-94F9-42A0-B442-C32A28F74594}.Release|x86.Build.0 = Release|Win32
		{8EAFBCE6-12A8-4350-B7B4-1B18C405AA8E}.Debug|x64.ActiveCfg = Debug|x64
		{8EAFBCE6-12A8-4350-B7B4-1B18C405AA8E}.Debug|x64.Build.0 = Debug|x64
		{8EAFBCE6-12A8-4350-B7B4-1B18C405AA8E}.Debug|x86.ActiveCfg = Debug|Win32
		{8EAFBCE6-12A8-4350-B7B4-1B18C405AA8E}.Debug|x86.Build.0 = Debug|Win32
		{8EAFBCE6-12A8-4350-B7B4-1B18C405AA8E}.Release|x64.ActiveCfg = Release|x64
		{8EAFBCE6-12A8-4350-B7B4-1B18C405AA8E}.Release|x64.Build.0 = Release|x64
		{8EAFBCE6-12A8-4350-B7B4-1B18C405AA8E}.Release|x86.ActiveCfg = Release|Win32
		{8EAFBCE6-12A8-4350-B7B4-1B18C405AA8E}.Release|x86.Build.0 = Release|Win32
		{92C3D355-606B-4A2F-8460-1EB6C153269E}.Debug|x64.ActiveCfg = Debug|x64
		{92C3D355-606B-4A2F-8460-1EB6C153269E}.Debug|x64.Build.0 = Debug|x64
		{92C3D355-606B-4A2F-8460-1EB6C153269E}.Debug|x86.ActiveCfg = Debug|Win32
		{92C3D355-606B-4A2F-8460-1EB6C153269E}.Debug|x86.Build.0 = Debug|Win32
		{92C3D355-606B-4A2F-8460-1EB6C153269E}.Release|x64.ActiveCfg = Release|x64
		{92C3D355-606B-4A2F-8460-1EB6C153269E}.Release|x64.Build.0 = Release|x64
		{92C3D355-606B-4A2F-8460-1EB6C153269E}.Release|x86.ActiveCfg = Release|Win32
		{92C3D355-606B-4A2F-8460-1EB6C153269E}.Release|x86.Build.0 = Release|Win32
		{76BB8711-80B8-4A87-AB39-1ADB76FA533F}.Debug|x64.ActiveCfg = Debug|x64
		{76BB8711-80B8-4A87-AB39-1ADB76FA533F}.Debug|x64.Build.0 = Debug|x64
		{76BB8711-80B8-4A87-AB39-1ADB76FA533F}.Debug|x86.ActiveCfg = Debug|Win32
		{76BB8711-80B8-4A87-AB39-1ADB76FA533F}.Debug|x86.Build.0 = Debug|Win32
		{76BB8711-80B8-4A87-AB39-1ADB76FA533F}.Release|x64.ActiveCfg = Release|x64
		{76BB8711-80B8-4A87-AB39-1ADB76FA533F}.Release|x64.Build.0 = Release|x64
		{76BB8711-80B8-4A87-AB39-1ADB76FA533F}.Release|x86.ActiveCfg = Release|Win32
		{76BB8711-80B8-4A87-AB39-1ADB76FA533F}.Release|x86.Build.0 = Release|Win32
		{5620CC4B-BFFA-49A3-9B5B-ADADCE069C45}.Debug|x64.ActiveCfg = Debug|x64
		{5620CC4B-BFFA-49A3-9B5B-ADADCE069C45}.Debug|x64.Build.0 = Debug|x64
		{5620CC4B-BFFA-49A3-9B5B-ADADCE069C45}.Debug|x86.ActiveCfg = Debug|Win32
		{5620CC4B-BFFA-49A3-9B5B-ADADCE069C45}.Debug|x86.Build.0 = Debug|Win32
		{5620CC4B-BFFA-49A3-9B5B-ADADCE069C45}.Release|x64.ActiveCfg = Release|x64
		{5620CC4B-BFFA-49A3-9B5B-ADADCE069C45}.Release|x64.Build.0 = Release|x64
		{5620CC4B-BFFA-49A3-9B5B-ADADCE069C45}.Release|x86.ActiveCfg = Release|Win32
		{5620CC4B-BFFA-49A3-9B5B-ADADCE069C45}.Release|x86.Build.0 = Release|Win32
		{6394DD0A-AEF6-445D-8704-05F1FDC1F6FB}.Debug|x64.ActiveCfg = Debug|x64
		{6394DD0A-AEF6-445D-8704-05F1FDC1F6FB}.Debug|x64.Build.0 = Debug|x64
		{6394DD0A-AEF6-445D-8704-05F1FDC1F6FB}.Debug|x86.ActiveCfg = Debug|Win32
		{6394DD0A-AEF6-445D-8704-05F1FDC1F6FB}.Debug|x86.Build.0 = Debug|Win32
		{6394DD0A-AEF6-445D-8704-05F1FDC1F6FB}.Release|x64.ActiveCfg = Release|x64
		{6394DD0A-AEF6-445D-8704-05F1FDC1F6FB}.Release|x64.Build.0 = Release|x64
		{6394DD0A-AEF6-445D-8704-05F1FDC1F6FB}.Release|x86.ActiveCfg = Release|Win32
		{6394DD0A-AEF6-445D-8704-05F1FDC1F6FB}.Release|x86.Build.0 = Release|Win32
		{26AE3E13-5844-490E-83D8-4ED044D13172}.Debug|x64.ActiveCfg = Debug|x64
		{26AE3E13-5844-490E-83D8-4ED044D13172}.Debug|x64.Build.0 = Debug|x64
		{26AE3E13-5844-490E-83D8-4ED044D13172}.Debug|x86.ActiveCfg = Debug|Win32
		{26AE3E13-5844-490E-83D8-4ED044D13172}.Debug|x86.Build.0 = Debug|Win32
		{26AE3E13-5844-490E-83D8-4ED044D13172}.Release|x64.ActiveCfg = Release|x64
		{26AE3E13-5844-490E-83D8-4ED044D13172}.Release|x64.Build.0 = Release|x64
		{26AE3E13-5844-490E-83D8-4ED044D13172}.Release|x86.ActiveCfg = Release|Win32
		{26AE3E13-5844-490E-83D8-4ED044D13172}.Release|x86.Build.0 = Release|Win32
	EndGlobalSection
	GlobalSection(SolutionProperties) = preSolution
		HideSolutionNode = FALSE
	EndGlobalSection
	GlobalSection(ExtensibilityGlobals) = postSolution
		SolutionGuid = {BBE122B5-0692-4E93-AF62-F53ADBF26758}
	EndGlobalSection
EndGlobal
