
Microsoft Visual Studio Solution File, Format Version 12.00
# Visual Studio Version 16
VisualStudioVersion = 16.0.31729.503
MinimumVisualStudioVersion = 10.0.40219.1
Project("{8BC9CEB8-8B4A-11D0-8D11-00A0C91BC942}") = "task1", "task1\task1.vcxproj", "{73A1EE5A-0F03-414E-A794-348091E4457C}"
EndProject
Project("{8BC9CEB8-8B4A-11D0-8D11-00A0C91BC942}") = "task9", "task9\task9.vcxproj", "{FD4A5620-D166-401C-A1D0-D6DA1B1F6BF0}"
EndProject
Project("{8BC9CEB8-8B4A-11D0-8D11-00A0C91BC942}") = "task2", "task2\task2.vcxproj", "{D0077BD1-049C-447E-A87A-F5DFF170EEF3}"
EndProject
Project("{8BC9CEB8-8B4A-11D0-8D11-00A0C91BC942}") = "task3", "task3\task3.vcxproj", "{31972D56-28FF-4FBD-832C-4C9320B90774}"
EndProject
Project("{8BC9CEB8-8B4A-11D0-8D11-00A0C91BC942}") = "task6", "task6\task6.vcxproj", "{18A11B79-368C-4876-BF92-BEF2F14DFC57}"
EndProject
Project("{8BC9CEB8-8B4A-11D0-8D11-00A0C91BC942}") = "task7", "task7\task7.vcxproj", "{EF0F14ED-1310-4342-88DE-EE531EA93D17}"
EndProject
Project("{8BC9CEB8-8B4A-11D0-8D11-00A0C91BC942}") = "task8", "task8\task8.vcxproj", "{5A7565D3-F991-4DD8-8D00-729C03E52F51}"
EndProject
Project("{8BC9CEB8-8B4A-11D0-8D11-00A0C91BC942}") = "task4", "task4\task4.vcxproj", "{E7F34E4C-727D-4833-B63F-5995AB88B662}"
EndProject
Project("{8BC9CEB8-8B4A-11D0-8D11-00A0C91BC942}") = "tests", "tests\tests.vcxproj", "{0D94B553-0EE6-4694-82F3-3C32B76CA9D3}"
EndProject
Project("{8BC9CEB8-8B4A-11D0-8D11-00A0C91BC942}") = "task5", "task5\task5.vcxproj", "{A4A0135B-E8E2-4865-9BDC-7FBC03CBF8EE}"
EndProject
Global
	GlobalSection(SolutionConfigurationPlatforms) = preSolution
		Debug|x64 = Debug|x64
		Debug|x86 = Debug|x86
		Release|x64 = Release|x64
		Release|x86 = Release|x86
	EndGlobalSection
	GlobalSection(ProjectConfigurationPlatforms) = postSolution
		{73A1EE5A-0F03-414E-A794-348091E4457C}.Debug|x64.ActiveCfg = Debug|x64
		{73A1EE5A-0F03-414E-A794-348091E4457C}.Debug|x64.Build.0 = Debug|x64
		{73A1EE5A-0F03-414E-A794-348091E4457C}.Debug|x86.ActiveCfg = Debug|Win32
		{73A1EE5A-0F03-414E-A794-348091E4457C}.Debug|x86.Build.0 = Debug|Win32
		{73A1EE5A-0F03-414E-A794-348091E4457C}.Release|x64.ActiveCfg = Release|x64
		{73A1EE5A-0F03-414E-A794-348091E4457C}.Release|x64.Build.0 = Release|x64
		{73A1EE5A-0F03-414E-A794-348091E4457C}.Release|x86.ActiveCfg = Release|Win32
		{73A1EE5A-0F03-414E-A794-348091E4457C}.Release|x86.Build.0 = Release|Win32
		{FD4A5620-D166-401C-A1D0-D6DA1B1F6BF0}.Debug|x64.ActiveCfg = Debug|x64
		{FD4A5620-D166-401C-A1D0-D6DA1B1F6BF0}.Debug|x64.Build.0 = Debug|x64
		{FD4A5620-D166-401C-A1D0-D6DA1B1F6BF0}.Debug|x86.ActiveCfg = Debug|Win32
		{FD4A5620-D166-401C-A1D0-D6DA1B1F6BF0}.Debug|x86.Build.0 = Debug|Win32
		{FD4A5620-D166-401C-A1D0-D6DA1B1F6BF0}.Release|x64.ActiveCfg = Release|x64
		{FD4A5620-D166-401C-A1D0-D6DA1B1F6BF0}.Release|x64.Build.0 = Release|x64
		{FD4A5620-D166-401C-A1D0-D6DA1B1F6BF0}.Release|x86.ActiveCfg = Release|Win32
		{FD4A5620-D166-401C-A1D0-D6DA1B1F6BF0}.Release|x86.Build.0 = Release|Win32
		{D0077BD1-049C-447E-A87A-F5DFF170EEF3}.Debug|x64.ActiveCfg = Debug|x64
		{D0077BD1-049C-447E-A87A-F5DFF170EEF3}.Debug|x64.Build.0 = Debug|x64
		{D0077BD1-049C-447E-A87A-F5DFF170EEF3}.Debug|x86.ActiveCfg = Debug|Win32
		{D0077BD1-049C-447E-A87A-F5DFF170EEF3}.Debug|x86.Build.0 = Debug|Win32
		{D0077BD1-049C-447E-A87A-F5DFF170EEF3}.Release|x64.ActiveCfg = Release|x64
		{D0077BD1-049C-447E-A87A-F5DFF170EEF3}.Release|x64.Build.0 = Release|x64
		{D0077BD1-049C-447E-A87A-F5DFF170EEF3}.Release|x86.ActiveCfg = Release|Win32
		{D0077BD1-049C-447E-A87A-F5DFF170EEF3}.Release|x86.Build.0 = Release|Win32
		{31972D56-28FF-4FBD-832C-4C9320B90774}.Debug|x64.ActiveCfg = Debug|x64
		{31972D56-28FF-4FBD-832C-4C9320B90774}.Debug|x64.Build.0 = Debug|x64
		{31972D56-28FF-4FBD-832C-4C9320B90774}.Debug|x86.ActiveCfg = Debug|Win32
		{31972D56-28FF-4FBD-832C-4C9320B90774}.Debug|x86.Build.0 = Debug|Win32
		{31972D56-28FF-4FBD-832C-4C9320B90774}.Release|x64.ActiveCfg = Release|x64
		{31972D56-28FF-4FBD-832C-4C9320B90774}.Release|x64.Build.0 = Release|x64
		{31972D56-28FF-4FBD-832C-4C9320B90774}.Release|x86.ActiveCfg = Release|Win32
		{31972D56-28FF-4FBD-832C-4C9320B90774}.Release|x86.Build.0 = Release|Win32
		{18A11B79-368C-4876-BF92-BEF2F14DFC57}.Debug|x64.ActiveCfg = Debug|x64
		{18A11B79-368C-4876-BF92-BEF2F14DFC57}.Debug|x64.Build.0 = Debug|x64
		{18A11B79-368C-4876-BF92-BEF2F14DFC57}.Debug|x86.ActiveCfg = Debug|Win32
		{18A11B79-368C-4876-BF92-BEF2F14DFC57}.Debug|x86.Build.0 = Debug|Win32
		{18A11B79-368C-4876-BF92-BEF2F14DFC57}.Release|x64.ActiveCfg = Release|x64
		{18A11B79-368C-4876-BF92-BEF2F14DFC57}.Release|x64.Build.0 = Release|x64
		{18A11B79-368C-4876-BF92-BEF2F14DFC57}.Release|x86.ActiveCfg = Release|Win32
		{18A11B79-368C-4876-BF92-BEF2F14DFC57}.Release|x86.Build.0 = Release|Win32
		{EF0F14ED-1310-4342-88DE-EE531EA93D17}.Debug|x64.ActiveCfg = Debug|x64
		{EF0F14ED-1310-4342-88DE-EE531EA93D17}.Debug|x64.Build.0 = Debug|x64
		{EF0F14ED-1310-4342-88DE-EE531EA93D17}.Debug|x86.ActiveCfg = Debug|Win32
		{EF0F14ED-1310-4342-88DE-EE531EA93D17}.Debug|x86.Build.0 = Debug|Win32
		{EF0F14ED-1310-4342-88DE-EE531EA93D17}.Release|x64.ActiveCfg = Release|x64
		{EF0F14ED-1310-4342-88DE-EE531EA93D17}.Release|x64.Build.0 = Release|x64
		{EF0F14ED-1310-4342-88DE-EE531EA93D17}.Release|x86.ActiveCfg = Release|Win32
		{EF0F14ED-1310-4342-88DE-EE531EA93D17}.Release|x86.Build.0 = Release|Win32
		{5A7565D3-F991-4DD8-8D00-729C03E52F51}.Debug|x64.ActiveCfg = Debug|x64
		{5A7565D3-F991-4DD8-8D00-729C03E52F51}.Debug|x64.Build.0 = Debug|x64
		{5A7565D3-F991-4DD8-8D00-729C03E52F51}.Debug|x86.ActiveCfg = Debug|Win32
		{5A7565D3-F991-4DD8-8D00-729C03E52F51}.Debug|x86.Build.0 = Debug|Win32
		{5A7565D3-F991-4DD8-8D00-729C03E52F51}.Release|x64.ActiveCfg = Release|x64
		{5A7565D3-F991-4DD8-8D00-729C03E52F51}.Release|x64.Build.0 = Release|x64
		{5A7565D3-F991-4DD8-8D00-729C03E52F51}.Release|x86.ActiveCfg = Release|Win32
		{5A7565D3-F991-4DD8-8D00-729C03E52F51}.Release|x86.Build.0 = Release|Win32
		{E7F34E4C-727D-4833-B63F-5995AB88B662}.Debug|x64.ActiveCfg = Debug|x64
		{E7F34E4C-727D-4833-B63F-5995AB88B662}.Debug|x64.Build.0 = Debug|x64
		{E7F34E4C-727D-4833-B63F-5995AB88B662}.Debug|x86.ActiveCfg = Debug|Win32
		{E7F34E4C-727D-4833-B63F-5995AB88B662}.Debug|x86.Build.0 = Debug|Win32
		{E7F34E4C-727D-4833-B63F-5995AB88B662}.Release|x64.ActiveCfg = Release|x64
		{E7F34E4C-727D-4833-B63F-5995AB88B662}.Release|x64.Build.0 = Release|x64
		{E7F34E4C-727D-4833-B63F-5995AB88B662}.Release|x86.ActiveCfg = Release|Win32
		{E7F34E4C-727D-4833-B63F-5995AB88B662}.Release|x86.Build.0 = Release|Win32
		{0D94B553-0EE6-4694-82F3-3C32B76CA9D3}.Debug|x64.ActiveCfg = Debug|x64
		{0D94B553-0EE6-4694-82F3-3C32B76CA9D3}.Debug|x64.Build.0 = Debug|x64
		{0D94B553-0EE6-4694-82F3-3C32B76CA9D3}.Debug|x86.ActiveCfg = Debug|Win32
		{0D94B553-0EE6-4694-82F3-3C32B76CA9D3}.Debug|x86.Build.0 = Debug|Win32
		{0D94B553-0EE6-4694-82F3-3C32B76CA9D3}.Release|x64.ActiveCfg = Release|x64
		{0D94B553-0EE6-4694-82F3-3C32B76CA9D3}.Release|x64.Build.0 = Release|x64
		{0D94B553-0EE6-4694-82F3-3C32B76CA9D3}.Release|x86.ActiveCfg = Release|Win32
		{0D94B553-0EE6-4694-82F3-3C32B76CA9D3}.Release|x86.Build.0 = Release|Win32
		{A4A0135B-E8E2-4865-9BDC-7FBC03CBF8EE}.Debug|x64.ActiveCfg = Debug|x64
		{A4A0135B-E8E2-4865-9BDC-7FBC03CBF8EE}.Debug|x64.Build.0 = Debug|x64
		{A4A0135B-E8E2-4865-9BDC-7FBC03CBF8EE}.Debug|x86.ActiveCfg = Debug|Win32
		{A4A0135B-E8E2-4865-9BDC-7FBC03CBF8EE}.Debug|x86.Build.0 = Debug|Win32
		{A4A0135B-E8E2-4865-9BDC-7FBC03CBF8EE}.Release|x64.ActiveCfg = Release|x64
		{A4A0135B-E8E2-4865-9BDC-7FBC03CBF8EE}.Release|x64.Build.0 = Release|x64
		{A4A0135B-E8E2-4865-9BDC-7FBC03CBF8EE}.Release|x86.ActiveCfg = Release|Win32
		{A4A0135B-E8E2-4865-9BDC-7FBC03CBF8EE}.Release|x86.Build.0 = Release|Win32
	EndGlobalSection
	GlobalSection(SolutionProperties) = preSolution
		HideSolutionNode = FALSE
	EndGlobalSection
	GlobalSection(ExtensibilityGlobals) = postSolution
		SolutionGuid = {B482E03C-3F1A-4DB1-9D0D-3019C2A70964}
	EndGlobalSection
EndGlobal
