
Microsoft Visual Studio Solution File, Format Version 12.00
# Visual Studio Version 16
VisualStudioVersion = 16.0.31729.503
MinimumVisualStudioVersion = 10.0.40219.1
Project("{8BC9CEB8-8B4A-11D0-8D11-00A0C91BC942}") = "task1", "task1\task1.vcxproj", "{A3EB9BA0-FBF6-4174-8432-B0A98C6E4766}"
EndProject
Project("{8BC9CEB8-8B4A-11D0-8D11-00A0C91BC942}") = "task1.1", "task1.1\task1.1.vcxproj", "{75BA1562-99AE-4BB7-BF80-FB81904E556E}"
EndProject
Project("{8BC9CEB8-8B4A-11D0-8D11-00A0C91BC942}") = "task6", "task6\task6.vcxproj", "{F74ED2C9-AAE2-4CC7-9434-EC419622F997}"
EndProject
Project("{8BC9CEB8-8B4A-11D0-8D11-00A0C91BC942}") = "task2", "task2\task2.vcxproj", "{5F18D1B5-BC4C-4729-B48C-E9A93B826CE8}"
EndProject
Project("{8BC9CEB8-8B4A-11D0-8D11-00A0C91BC942}") = "task5", "task5\task5.vcxproj", "{564F350E-117C-4CA7-B729-A3BE29DF4F3C}"
EndProject
Project("{8BC9CEB8-8B4A-11D0-8D11-00A0C91BC942}") = "task7", "task7\task7.vcxproj", "{26851896-114A-4FF6-99AC-924D0E84001A}"
EndProject
Project("{8BC9CEB8-8B4A-11D0-8D11-00A0C91BC942}") = "task8", "task8\task8.vcxproj", "{24F05BF1-1BB5-4BCD-8375-0DC12DB6DD44}"
EndProject
Project("{8BC9CEB8-8B4A-11D0-8D11-00A0C91BC942}") = "task9", "task9\task9.vcxproj", "{5E305B33-11B5-464A-B740-0C5897CAC0DA}"
EndProject
Project("{8BC9CEB8-8B4A-11D0-8D11-00A0C91BC942}") = "task10", "task10\task10.vcxproj", "{32241C31-1027-45F1-9672-8303CC1DE5B7}"
EndProject
Project("{8BC9CEB8-8B4A-11D0-8D11-00A0C91BC942}") = "task3", "task3\task3.vcxproj", "{480196AC-A606-4E86-BBF3-A6E9E9874306}"
EndProject
Project("{8BC9CEB8-8B4A-11D0-8D11-00A0C91BC942}") = "task4", "task4\task4.vcxproj", "{AE404BE2-0494-4F40-97BE-7BABD2227B48}"
EndProject
Project("{8BC9CEB8-8B4A-11D0-8D11-00A0C91BC942}") = "tests", "tests\tests.vcxproj", "{FE9BA585-62D0-4C3A-843D-0A9267BB31F9}"
EndProject
Global
	GlobalSection(SolutionConfigurationPlatforms) = preSolution
		Debug|x64 = Debug|x64
		Debug|x86 = Debug|x86
		Release|x64 = Release|x64
		Release|x86 = Release|x86
	EndGlobalSection
	GlobalSection(ProjectConfigurationPlatforms) = postSolution
		{A3EB9BA0-FBF6-4174-8432-B0A98C6E4766}.Debug|x64.ActiveCfg = Debug|x64
		{A3EB9BA0-FBF6-4174-8432-B0A98C6E4766}.Debug|x64.Build.0 = Debug|x64
		{A3EB9BA0-FBF6-4174-8432-B0A98C6E4766}.Debug|x86.ActiveCfg = Debug|Win32
		{A3EB9BA0-FBF6-4174-8432-B0A98C6E4766}.Debug|x86.Build.0 = Debug|Win32
		{A3EB9BA0-FBF6-4174-8432-B0A98C6E4766}.Release|x64.ActiveCfg = Release|x64
		{A3EB9BA0-FBF6-4174-8432-B0A98C6E4766}.Release|x64.Build.0 = Release|x64
		{A3EB9BA0-FBF6-4174-8432-B0A98C6E4766}.Release|x86.ActiveCfg = Release|Win32
		{A3EB9BA0-FBF6-4174-8432-B0A98C6E4766}.Release|x86.Build.0 = Release|Win32
		{75BA1562-99AE-4BB7-BF80-FB81904E556E}.Debug|x64.ActiveCfg = Debug|x64
		{75BA1562-99AE-4BB7-BF80-FB81904E556E}.Debug|x64.Build.0 = Debug|x64
		{75BA1562-99AE-4BB7-BF80-FB81904E556E}.Debug|x86.ActiveCfg = Debug|Win32
		{75BA1562-99AE-4BB7-BF80-FB81904E556E}.Debug|x86.Build.0 = Debug|Win32
		{75BA1562-99AE-4BB7-BF80-FB81904E556E}.Release|x64.ActiveCfg = Release|x64
		{75BA1562-99AE-4BB7-BF80-FB81904E556E}.Release|x64.Build.0 = Release|x64
		{75BA1562-99AE-4BB7-BF80-FB81904E556E}.Release|x86.ActiveCfg = Release|Win32
		{75BA1562-99AE-4BB7-BF80-FB81904E556E}.Release|x86.Build.0 = Release|Win32
		{F74ED2C9-AAE2-4CC7-9434-EC419622F997}.Debug|x64.ActiveCfg = Debug|x64
		{F74ED2C9-AAE2-4CC7-9434-EC419622F997}.Debug|x64.Build.0 = Debug|x64
		{F74ED2C9-AAE2-4CC7-9434-EC419622F997}.Debug|x86.ActiveCfg = Debug|Win32
		{F74ED2C9-AAE2-4CC7-9434-EC419622F997}.Debug|x86.Build.0 = Debug|Win32
		{F74ED2C9-AAE2-4CC7-9434-EC419622F997}.Release|x64.ActiveCfg = Release|x64
		{F74ED2C9-AAE2-4CC7-9434-EC419622F997}.Release|x64.Build.0 = Release|x64
		{F74ED2C9-AAE2-4CC7-9434-EC419622F997}.Release|x86.ActiveCfg = Release|Win32
		{F74ED2C9-AAE2-4CC7-9434-EC419622F997}.Release|x86.Build.0 = Release|Win32
		{5F18D1B5-BC4C-4729-B48C-E9A93B826CE8}.Debug|x64.ActiveCfg = Debug|x64
		{5F18D1B5-BC4C-4729-B48C-E9A93B826CE8}.Debug|x64.Build.0 = Debug|x64
		{5F18D1B5-BC4C-4729-B48C-E9A93B826CE8}.Debug|x86.ActiveCfg = Debug|Win32
		{5F18D1B5-BC4C-4729-B48C-E9A93B826CE8}.Debug|x86.Build.0 = Debug|Win32
		{5F18D1B5-BC4C-4729-B48C-E9A93B826CE8}.Release|x64.ActiveCfg = Release|x64
		{5F18D1B5-BC4C-4729-B48C-E9A93B826CE8}.Release|x64.Build.0 = Release|x64
		{5F18D1B5-BC4C-4729-B48C-E9A93B826CE8}.Release|x86.ActiveCfg = Release|Win32
		{5F18D1B5-BC4C-4729-B48C-E9A93B826CE8}.Release|x86.Build.0 = Release|Win32
		{564F350E-117C-4CA7-B729-A3BE29DF4F3C}.Debug|x64.ActiveCfg = Debug|x64
		{564F350E-117C-4CA7-B729-A3BE29DF4F3C}.Debug|x64.Build.0 = Debug|x64
		{564F350E-117C-4CA7-B729-A3BE29DF4F3C}.Debug|x86.ActiveCfg = Debug|Win32
		{564F350E-117C-4CA7-B729-A3BE29DF4F3C}.Debug|x86.Build.0 = Debug|Win32
		{564F350E-117C-4CA7-B729-A3BE29DF4F3C}.Release|x64.ActiveCfg = Release|x64
		{564F350E-117C-4CA7-B729-A3BE29DF4F3C}.Release|x64.Build.0 = Release|x64
		{564F350E-117C-4CA7-B729-A3BE29DF4F3C}.Release|x86.ActiveCfg = Release|Win32
		{564F350E-117C-4CA7-B729-A3BE29DF4F3C}.Release|x86.Build.0 = Release|Win32
		{26851896-114A-4FF6-99AC-924D0E84001A}.Debug|x64.ActiveCfg = Debug|x64
		{26851896-114A-4FF6-99AC-924D0E84001A}.Debug|x64.Build.0 = Debug|x64
		{26851896-114A-4FF6-99AC-924D0E84001A}.Debug|x86.ActiveCfg = Debug|Win32
		{26851896-114A-4FF6-99AC-924D0E84001A}.Debug|x86.Build.0 = Debug|Win32
		{26851896-114A-4FF6-99AC-924D0E84001A}.Release|x64.ActiveCfg = Release|x64
		{26851896-114A-4FF6-99AC-924D0E84001A}.Release|x64.Build.0 = Release|x64
		{26851896-114A-4FF6-99AC-924D0E84001A}.Release|x86.ActiveCfg = Release|Win32
		{26851896-114A-4FF6-99AC-924D0E84001A}.Release|x86.Build.0 = Release|Win32
		{24F05BF1-1BB5-4BCD-8375-0DC12DB6DD44}.Debug|x64.ActiveCfg = Debug|x64
		{24F05BF1-1BB5-4BCD-8375-0DC12DB6DD44}.Debug|x64.Build.0 = Debug|x64
		{24F05BF1-1BB5-4BCD-8375-0DC12DB6DD44}.Debug|x86.ActiveCfg = Debug|Win32
		{24F05BF1-1BB5-4BCD-8375-0DC12DB6DD44}.Debug|x86.Build.0 = Debug|Win32
		{24F05BF1-1BB5-4BCD-8375-0DC12DB6DD44}.Release|x64.ActiveCfg = Release|x64
		{24F05BF1-1BB5-4BCD-8375-0DC12DB6DD44}.Release|x64.Build.0 = Release|x64
		{24F05BF1-1BB5-4BCD-8375-0DC12DB6DD44}.Release|x86.ActiveCfg = Release|Win32
		{24F05BF1-1BB5-4BCD-8375-0DC12DB6DD44}.Release|x86.Build.0 = Release|Win32
		{5E305B33-11B5-464A-B740-0C5897CAC0DA}.Debug|x64.ActiveCfg = Debug|x64
		{5E305B33-11B5-464A-B740-0C5897CAC0DA}.Debug|x64.Build.0 = Debug|x64
		{5E305B33-11B5-464A-B740-0C5897CAC0DA}.Debug|x86.ActiveCfg = Debug|Win32
		{5E305B33-11B5-464A-B740-0C5897CAC0DA}.Debug|x86.Build.0 = Debug|Win32
		{5E305B33-11B5-464A-B740-0C5897CAC0DA}.Release|x64.ActiveCfg = Release|x64
		{5E305B33-11B5-464A-B740-0C5897CAC0DA}.Release|x64.Build.0 = Release|x64
		{5E305B33-11B5-464A-B740-0C5897CAC0DA}.Release|x86.ActiveCfg = Release|Win32
		{5E305B33-11B5-464A-B740-0C5897CAC0DA}.Release|x86.Build.0 = Release|Win32
		{32241C31-1027-45F1-9672-8303CC1DE5B7}.Debug|x64.ActiveCfg = Debug|x64
		{32241C31-1027-45F1-9672-8303CC1DE5B7}.Debug|x64.Build.0 = Debug|x64
		{32241C31-1027-45F1-9672-8303CC1DE5B7}.Debug|x86.ActiveCfg = Debug|Win32
		{32241C31-1027-45F1-9672-8303CC1DE5B7}.Debug|x86.Build.0 = Debug|Win32
		{32241C31-1027-45F1-9672-8303CC1DE5B7}.Release|x64.ActiveCfg = Release|x64
		{32241C31-1027-45F1-9672-8303CC1DE5B7}.Release|x64.Build.0 = Release|x64
		{32241C31-1027-45F1-9672-8303CC1DE5B7}.Release|x86.ActiveCfg = Release|Win32
		{32241C31-1027-45F1-9672-8303CC1DE5B7}.Release|x86.Build.0 = Release|Win32
		{480196AC-A606-4E86-BBF3-A6E9E9874306}.Debug|x64.ActiveCfg = Debug|x64
		{480196AC-A606-4E86-BBF3-A6E9E9874306}.Debug|x64.Build.0 = Debug|x64
		{480196AC-A606-4E86-BBF3-A6E9E9874306}.Debug|x86.ActiveCfg = Debug|Win32
		{480196AC-A606-4E86-BBF3-A6E9E9874306}.Debug|x86.Build.0 = Debug|Win32
		{480196AC-A606-4E86-BBF3-A6E9E9874306}.Release|x64.ActiveCfg = Release|x64
		{480196AC-A606-4E86-BBF3-A6E9E9874306}.Release|x64.Build.0 = Release|x64
		{480196AC-A606-4E86-BBF3-A6E9E9874306}.Release|x86.ActiveCfg = Release|Win32
		{480196AC-A606-4E86-BBF3-A6E9E9874306}.Release|x86.Build.0 = Release|Win32
		{AE404BE2-0494-4F40-97BE-7BABD2227B48}.Debug|x64.ActiveCfg = Debug|x64
		{AE404BE2-0494-4F40-97BE-7BABD2227B48}.Debug|x64.Build.0 = Debug|x64
		{AE404BE2-0494-4F40-97BE-7BABD2227B48}.Debug|x86.ActiveCfg = Debug|Win32
		{AE404BE2-0494-4F40-97BE-7BABD2227B48}.Debug|x86.Build.0 = Debug|Win32
		{AE404BE2-0494-4F40-97BE-7BABD2227B48}.Release|x64.ActiveCfg = Release|x64
		{AE404BE2-0494-4F40-97BE-7BABD2227B48}.Release|x64.Build.0 = Release|x64
		{AE404BE2-0494-4F40-97BE-7BABD2227B48}.Release|x86.ActiveCfg = Release|Win32
		{AE404BE2-0494-4F40-97BE-7BABD2227B48}.Release|x86.Build.0 = Release|Win32
		{FE9BA585-62D0-4C3A-843D-0A9267BB31F9}.Debug|x64.ActiveCfg = Debug|x64
		{FE9BA585-62D0-4C3A-843D-0A9267BB31F9}.Debug|x64.Build.0 = Debug|x64
		{FE9BA585-62D0-4C3A-843D-0A9267BB31F9}.Debug|x86.ActiveCfg = Debug|Win32
		{FE9BA585-62D0-4C3A-843D-0A9267BB31F9}.Debug|x86.Build.0 = Debug|Win32
		{FE9BA585-62D0-4C3A-843D-0A9267BB31F9}.Release|x64.ActiveCfg = Release|x64
		{FE9BA585-62D0-4C3A-843D-0A9267BB31F9}.Release|x64.Build.0 = Release|x64
		{FE9BA585-62D0-4C3A-843D-0A9267BB31F9}.Release|x86.ActiveCfg = Release|Win32
		{FE9BA585-62D0-4C3A-843D-0A9267BB31F9}.Release|x86.Build.0 = Release|Win32
	EndGlobalSection
	GlobalSection(SolutionProperties) = preSolution
		HideSolutionNode = FALSE
	EndGlobalSection
	GlobalSection(ExtensibilityGlobals) = postSolution
		SolutionGuid = {C9D6B468-80FA-42ED-AD0F-B3629734C92D}
	EndGlobalSection
EndGlobal
